PODS:
  - ContentTableViewController (1.2)

DEPENDENCIES:
  - ContentTableViewController (from `../ContentTableViewController.podspec`)

EXTERNAL SOURCES:
  ContentTableViewController:
    :path: ../ContentTableViewController.podspec

SPEC CHECKSUMS:
  ContentTableViewController: 110da2d7789aefea6b3ba7a17f2ae0d14cb7de61

COCOAPODS: 0.36.1
