PODS:
  - ContentTableViewController (1.0)

DEPENDENCIES:
  - ContentTableViewController (from `../ContentTableViewController.podspec`)

EXTERNAL SOURCES:
  ContentTableViewController:
    :path: ../ContentTableViewController.podspec

SPEC CHECKSUMS:
  ContentTableViewController: df7391f5f3e7a42450c024e3e4d008005902306d

COCOAPODS: 0.35.0
