PODS:
  - ContentTableViewController (1.3)

DEPENDENCIES:
  - ContentTableViewController (from `../ContentTableViewController.podspec`)

EXTERNAL SOURCES:
  ContentTableViewController:
    :path: ../ContentTableViewController.podspec

SPEC CHECKSUMS:
  ContentTableViewController: a7f531c5dc8cc65681771e0cf3d06853f8642e28

COCOAPODS: 0.38.2
